// !$*UTF8*$!
{
	archiveVersion = 1;
	classes = {
	};
	objectVersion = 50;
	objects = {

/* Begin PBXBuildFile section */
		5511DD0C23557E6300BF3FE9 /* AppDelegate.m in Sources */ = {isa = PBXBuildFile; fileRef = 5511DD0B23557E6300BF3FE9 /* AppDelegate.m */; };
		5511DD0F23557E6300BF3FE9 /* ViewController.m in Sources */ = {isa = PBXBuildFile; fileRef = 5511DD0E23557E6300BF3FE9 /* ViewController.m */; };
		5511DD1223557E6300BF3FE9 /* Main.storyboard in Resources */ = {isa = PBXBuildFile; fileRef = 5511DD1023557E6300BF3FE9 /* Main.storyboard */; };
		5511DD1523557E6300BF3FE9 /* CoreData.xcdatamodeld in Sources */ = {isa = PBXBuildFile; fileRef = 5511DD1323557E6300BF3FE9 /* CoreData.xcdatamodeld */; };
		5511DD1723557E6700BF3FE9 /* Assets.xcassets in Resources */ = {isa = PBXBuildFile; fileRef = 5511DD1623557E6700BF3FE9 /* Assets.xcassets */; };
		5511DD1A23557E6700BF3FE9 /* LaunchScreen.storyboard in Resources */ = {isa = PBXBuildFile; fileRef = 5511DD1823557E6700BF3FE9 /* LaunchScreen.storyboard */; };
		5511DD1D23557E6700BF3FE9 /* main.m in Sources */ = {isa = PBXBuildFile; fileRef = 5511DD1C23557E6700BF3FE9 /* main.m */; };
		5511DD252355AB1000BF3FE9 /* SecondViewController.m in Sources */ = {isa = PBXBuildFile; fileRef = 5511DD242355AB1000BF3FE9 /* SecondViewController.m */; };
		5511DD282355AC7600BF3FE9 /* CoreData.framework in Frameworks */ = {isa = PBXBuildFile; fileRef = 5511DD272355AC7600BF3FE9 /* CoreData.framework */; };
/* End PBXBuildFile section */

/* Begin PBXFileReference section */
		5511DD0723557E6300BF3FE9 /* CoreData.app */ = {isa = PBXFileReference; explicitFileType = wrapper.application; includeInIndex = 0; path = CoreData.app; sourceTree = BUILT_PRODUCTS_DIR; };
		5511DD0A23557E6300BF3FE9 /* AppDelegate.h */ = {isa = PBXFileReference; lastKnownFileType = sourcecode.c.h; path = AppDelegate.h; sourceTree = "<group>"; };
		5511DD0B23557E6300BF3FE9 /* AppDelegate.m */ = {isa = PBXFileReference; lastKnownFileType = sourcecode.c.objc; path = AppDelegate.m; sourceTree = "<group>"; };
		5511DD0D23557E6300BF3FE9 /* ViewController.h */ = {isa = PBXFileReference; lastKnownFileType = sourcecode.c.h; path = ViewController.h; sourceTree = "<group>"; };
		5511DD0E23557E6300BF3FE9 /* ViewController.m */ = {isa = PBXFileReference; lastKnownFileType = sourcecode.c.objc; path = ViewController.m; sourceTree = "<group>"; };
		5511DD1123557E6300BF3FE9 /* Base */ = {isa = PBXFileReference; lastKnownFileType = file.storyboard; name = Base; path = Base.lproj/Main.storyboard; sourceTree = "<group>"; };
		5511DD1423557E6300BF3FE9 /* CoreData.xcdatamodel */ = {isa = PBXFileReference; lastKnownFileType = wrapper.xcdatamodel; path = CoreData.xcdatamodel; sourceTree = "<group>"; };
		5511DD1623557E6700BF3FE9 /* Assets.xcassets */ = {isa = PBXFileReference; lastKnownFileType = folder.assetcatalog; path = Assets.xcassets; sourceTree = "<group>"; };
		5511DD1923557E6700BF3FE9 /* Base */ = {isa = PBXFileReference; lastKnownFileType = file.storyboard; name = Base; path = Base.lproj/LaunchScreen.storyboard; sourceTree = "<group>"; };
		5511DD1B23557E6700BF3FE9 /* Info.plist */ = {isa = PBXFileReference; lastKnownFileType = text.plist.xml; path = Info.plist; sourceTree = "<group>"; };
		5511DD1C23557E6700BF3FE9 /* main.m */ = {isa = PBXFileReference; lastKnownFileType = sourcecode.c.objc; path = main.m; sourceTree = "<group>"; };
		5511DD232355AB1000BF3FE9 /* SecondViewController.h */ = {isa = PBXFileReference; lastKnownFileType = sourcecode.c.h; path = SecondViewController.h; sourceTree = "<group>"; };
		5511DD242355AB1000BF3FE9 /* SecondViewController.m */ = {isa = PBXFileReference; lastKnownFileType = sourcecode.c.objc; path = SecondViewController.m; sourceTree = "<group>"; };
		5511DD272355AC7600BF3FE9 /* CoreData.framework */ = {isa = PBXFileReference; lastKnownFileType = wrapper.framework; name = CoreData.framework; path = System/Library/Frameworks/CoreData.framework; sourceTree = SDKROOT; };
/* End PBXFileReference section */

/* Begin PBXFrameworksBuildPhase section */
		5511DD0423557E6300BF3FE9 /* Frameworks */ = {
			isa = PBXFrameworksBuildPhase;
			buildActionMask = 2147483647;
			files = (
				5511DD282355AC7600BF3FE9 /* CoreData.framework in Frameworks */,
			);
			runOnlyForDeploymentPostprocessing = 0;
		};
/* End PBXFrameworksBuildPhase section */

/* Begin PBXGroup section */
		5511DCFE23557E6300BF3FE9 = {
			isa = PBXGroup;
			children = (
				5511DD0923557E6300BF3FE9 /* CoreData */,
				5511DD0823557E6300BF3FE9 /* Products */,
				5511DD262355AC7500BF3FE9 /* Frameworks */,
			);
			sourceTree = "<group>";
		};
		5511DD0823557E6300BF3FE9 /* Products */ = {
			isa = PBXGroup;
			children = (
				5511DD0723557E6300BF3FE9 /* CoreData.app */,
			);
			name = Products;
			sourceTree = "<group>";
		};
		5511DD0923557E6300BF3FE9 /* CoreData */ = {
			isa = PBXGroup;
			children = (
				5511DD0A23557E6300BF3FE9 /* AppDelegate.h */,
				5511DD0B23557E6300BF3FE9 /* AppDelegate.m */,
				5511DD0D23557E6300BF3FE9 /* ViewController.h */,
				5511DD0E23557E6300BF3FE9 /* ViewController.m */,
				5511DD232355AB1000BF3FE9 /* SecondViewController.h */,
				5511DD242355AB1000BF3FE9 /* SecondViewController.m */,
				5511DD1023557E6300BF3FE9 /* Main.storyboard */,
				5511DD1623557E6700BF3FE9 /* Assets.xcassets */,
				5511DD1823557E6700BF3FE9 /* LaunchScreen.storyboard */,
				5511DD1B23557E6700BF3FE9 /* Info.plist */,
				5511DD1C23557E6700BF3FE9 /* main.m */,
				5511DD1323557E6300BF3FE9 /* CoreData.xcdatamodeld */,
			);
			path = CoreData;
			sourceTree = "<group>";
		};
		5511DD262355AC7500BF3FE9 /* Frameworks */ = {
			isa = PBXGroup;
			children = (
				5511DD272355AC7600BF3FE9 /* CoreData.framework */,
			);
			name = Frameworks;
			sourceTree = "<group>";
		};
/* End PBXGroup section */

/* Begin PBXNativeTarget section */
		5511DD0623557E6300BF3FE9 /* CoreData */ = {
			isa = PBXNativeTarget;
			buildConfigurationList = 5511DD2023557E6700BF3FE9 /* Build configuration list for PBXNativeTarget "CoreData" */;
			buildPhases = (
				5511DD0323557E6300BF3FE9 /* Sources */,
				5511DD0423557E6300BF3FE9 /* Frameworks */,
				5511DD0523557E6300BF3FE9 /* Resources */,
			);
			buildRules = (
			);
			dependencies = (
			);
			name = CoreData;
			productName = CoreData;
			productReference = 5511DD0723557E6300BF3FE9 /* CoreData.app */;
			productType = "com.apple.product-type.application";
		};
/* End PBXNativeTarget section */

/* Begin PBXProject section */
		5511DCFF23557E6300BF3FE9 /* Project object */ = {
			isa = PBXProject;
			attributes = {
				LastUpgradeCheck = 1030;
				ORGANIZATIONNAME = DongNV;
				TargetAttributes = {
					5511DD0623557E6300BF3FE9 = {
						CreatedOnToolsVersion = 10.3;
					};
				};
			};
			buildConfigurationList = 5511DD0223557E6300BF3FE9 /* Build configuration list for PBXProject "CoreData" */;
			compatibilityVersion = "Xcode 9.3";
			developmentRegion = en;
			hasScannedForEncodings = 0;
			knownRegions = (
				en,
				Base,
			);
			mainGroup = 5511DCFE23557E6300BF3FE9;
			productRefGroup = 5511DD0823557E6300BF3FE9 /* Products */;
			projectDirPath = "";
			projectRoot = "";
			targets = (
				5511DD0623557E6300BF3FE9 /* CoreData */,
			);
		};
/* End PBXProject section */

/* Begin PBXResourcesBuildPhase section */
		5511DD0523557E6300BF3FE9 /* Resources */ = {
			isa = PBXResourcesBuildPhase;
			buildActionMask = 2147483647;
			files = (
				5511DD1A23557E6700BF3FE9 /* LaunchScreen.storyboard in Resources */,
				5511DD1723557E6700BF3FE9 /* Assets.xcassets in Resources */,
				5511DD1223557E6300BF3FE9 /* Main.storyboard in Resources */,
			);
			runOnlyForDeploymentPostprocessing = 0;
		};
/* End PBXResourcesBuildPhase section */

/* Begin PBXSourcesBuildPhase section */
		5511DD0323557E6300BF3FE9 /* Sources */ = {
			isa = PBXSourcesBuildPhase;
			buildActionMask = 2147483647;
			files = (
				5511DD252355AB1000BF3FE9 /* SecondViewController.m in Sources */,
				5511DD0F23557E6300BF3FE9 /* ViewController.m in Sources */,
				5511DD0C23557E6300BF3FE9 /* AppDelegate.m in Sources */,
				5511DD1D23557E6700BF3FE9 /* main.m in Sources */,
				5511DD1523557E6300BF3FE9 /* CoreData.xcdatamodeld in Sources */,
			);
			runOnlyForDeploymentPostprocessing = 0;
		};
/* End PBXSourcesBuildPhase section */

/* Begin PBXVariantGroup section */
		5511DD1023557E6300BF3FE9 /* Main.storyboard */ = {
			isa = PBXVariantGroup;
			children = (
				5511DD1123557E6300BF3FE9 /* Base */,
			);
			name = Main.storyboard;
			sourceTree = "<group>";
		};
		5511DD1823557E6700BF3FE9 /* LaunchScreen.storyboard */ = {
			isa = PBXVariantGroup;
			children = (
				5511DD1923557E6700BF3FE9 /* Base */,
			);
			name = LaunchScreen.storyboard;
			sourceTree = "<group>";
		};
/* End PBXVariantGroup section */

/* Begin XCBuildConfiguration section */
		5511DD1E23557E6700BF3FE9 /* Debug */ = {
			isa = XCBuildConfiguration;
			buildSettings = {
				ALWAYS_SEARCH_USER_PATHS = NO;
				CLANG_ANALYZER_NONNULL = YES;
				CLANG_ANALYZER_NUMBER_OBJECT_CONVERSION = YES_AGGRESSIVE;
				CLANG_CXX_LANGUAGE_STANDARD = "gnu++14";
				CLANG_CXX_LIBRARY = "libc++";
				CLANG_ENABLE_MODULES = YES;
				CLANG_ENABLE_OBJC_ARC = YES;
				CLANG_ENABLE_OBJC_WEAK = YES;
				CLANG_WARN_BLOCK_CAPTURE_AUTORELEASING = YES;
				CLANG_WARN_BOOL_CONVERSION = YES;
				CLANG_WARN_COMMA = YES;
				CLANG_WARN_CONSTANT_CONVERSION = YES;
				CLANG_WARN_DEPRECATED_OBJC_IMPLEMENTATIONS = YES;
				CLANG_WARN_DIRECT_OBJC_ISA_USAGE = YES_ERROR;
				CLANG_WARN_DOCUMENTATION_COMMENTS = YES;
				CLANG_WARN_EMPTY_BODY = YES;
				CLANG_WARN_ENUM_CONVERSION = YES;
				CLANG_WARN_INFINITE_RECURSION = YES;
				CLANG_WARN_INT_CONVERSION = YES;
				CLANG_WARN_NON_LITERAL_NULL_CONVERSION = YES;
				CLANG_WARN_OBJC_IMPLICIT_RETAIN_SELF = YES;
				CLANG_WARN_OBJC_LITERAL_CONVERSION = YES;
				CLANG_WARN_OBJC_ROOT_CLASS = YES_ERROR;
				CLANG_WARN_RANGE_LOOP_ANALYSIS = YES;
				CLANG_WARN_STRICT_PROTOTYPES = YES;
				CLANG_WARN_SUSPICIOUS_MOVE = YES;
				CLANG_WARN_UNGUARDED_AVAILABILITY = YES_AGGRESSIVE;
				CLANG_WARN_UNREACHABLE_CODE = YES;
				CLANG_WARN__DUPLICATE_METHOD_MATCH = YES;
				CODE_SIGN_IDENTITY = "iPhone Developer";
				COPY_PHASE_STRIP = NO;
				DEBUG_INFORMATION_FORMAT = dwarf;
				ENABLE_STRICT_OBJC_MSGSEND = YES;
				ENABLE_TESTABILITY = YES;
				GCC_C_LANGUAGE_STANDARD = gnu11;
				GCC_DYNAMIC_NO_PIC = NO;
				GCC_NO_COMMON_BLOCKS = YES;
				GCC_OPTIMIZATION_LEVEL = 0;
				GCC_PREPROCESSOR_DEFINITIONS = (
					"DEBUG=1",
					"$(inherited)",
				);
				GCC_WARN_64_TO_32_BIT_CONVERSION = YES;
				GCC_WARN_ABOUT_RETURN_TYPE = YES_ERROR;
				GCC_WARN_UNDECLARED_SELECTOR = YES;
				GCC_WARN_UNINITIALIZED_AUTOS = YES_AGGRESSIVE;
				GCC_WARN_UNUSED_FUNCTION = YES;
				GCC_WARN_UNUSED_VARIABLE = YES;
				IPHONEOS_DEPLOYMENT_TARGET = 12.4;
				MTL_ENABLE_DEBUG_INFO = INCLUDE_SOURCE;
				MTL_FAST_MATH = YES;
				ONLY_ACTIVE_ARCH = YES;
				SDKROOT = iphoneos;
			};
			name = Debug;
		};
		5511DD1F23557E6700BF3FE9 /* Release */ = {
			isa = XCBuildConfiguration;
			buildSettings = {
				ALWAYS_SEARCH_USER_PATHS = NO;
				CLANG_ANALYZER_NONNULL = YES;
				CLANG_ANALYZER_NUMBER_OBJECT_CONVERSION = YES_AGGRESSIVE;
				CLANG_CXX_LANGUAGE_STANDARD = "gnu++14";
				CLANG_CXX_LIBRARY = "libc++";
				CLANG_ENABLE_MODULES = YES;
				CLANG_ENABLE_OBJC_ARC = YES;
				CLANG_ENABLE_OBJC_WEAK = YES;
				CLANG_WARN_BLOCK_CAPTURE_AUTORELEASING = YES;
				CLANG_WARN_BOOL_CONVERSION = YES;
				CLANG_WARN_COMMA = YES;
				CLANG_WARN_CONSTANT_CONVERSION = YES;
				CLANG_WARN_DEPRECATED_OBJC_IMPLEMENTATIONS = YES;
				CLANG_WARN_DIRECT_OBJC_ISA_USAGE = YES_ERROR;
				CLANG_WARN_DOCUMENTATION_COMMENTS = YES;
				CLANG_WARN_EMPTY_BODY = YES;
				CLANG_WARN_ENUM_CONVERSION = YES;
				CLANG_WARN_INFINITE_RECURSION = YES;
				CLANG_WARN_INT_CONVERSION = YES;
				CLANG_WARN_NON_LITERAL_NULL_CONVERSION = YES;
				CLANG_WARN_OBJC_IMPLICIT_RETAIN_SELF = YES;
				CLANG_WARN_OBJC_LITERAL_CONVERSION = YES;
				CLANG_WARN_OBJC_ROOT_CLASS = YES_ERROR;
				CLANG_WARN_RANGE_LOOP_ANALYSIS = YES;
				CLANG_WARN_STRICT_PROTOTYPES = YES;
				CLANG_WARN_SUSPICIOUS_MOVE = YES;
				CLANG_WARN_UNGUARDED_AVAILABILITY = YES_AGGRESSIVE;
				CLANG_WARN_UNREACHABLE_CODE = YES;
				CLANG_WARN__DUPLICATE_METHOD_MATCH = YES;
				CODE_SIGN_IDENTITY = "iPhone Developer";
				COPY_PHASE_STRIP = NO;
				DEBUG_INFORMATION_FORMAT = "dwarf-with-dsym";
				ENABLE_NS_ASSERTIONS = NO;
				ENABLE_STRICT_OBJC_MSGSEND = YES;
				GCC_C_LANGUAGE_STANDARD = gnu11;
				GCC_NO_COMMON_BLOCKS = YES;
				GCC_WARN_64_TO_32_BIT_CONVERSION = YES;
				GCC_WARN_ABOUT_RETURN_TYPE = YES_ERROR;
				GCC_WARN_UNDECLARED_SELECTOR = YES;
				GCC_WARN_UNINITIALIZED_AUTOS = YES_AGGRESSIVE;
				GCC_WARN_UNUSED_FUNCTION = YES;
				GCC_WARN_UNUSED_VARIABLE = YES;
				IPHONEOS_DEPLOYMENT_TARGET = 12.4;
				MTL_ENABLE_DEBUG_INFO = NO;
				MTL_FAST_MATH = YES;
				SDKROOT = iphoneos;
				VALIDATE_PRODUCT = YES;
			};
			name = Release;
		};
		5511DD2123557E6700BF3FE9 /* Debug */ = {
			isa = XCBuildConfiguration;
			buildSettings = {
				ASSETCATALOG_COMPILER_APPICON_NAME = AppIcon;
				CODE_SIGN_STYLE = Automatic;
				INFOPLIST_FILE = CoreData/Info.plist;
				LD_RUNPATH_SEARCH_PATHS = (
					"$(inherited)",
					"@executable_path/Frameworks",
				);
				PRODUCT_BUNDLE_IDENTIFIER = DongNV.CoreData;
				PRODUCT_NAME = "$(TARGET_NAME)";
				TARGETED_DEVICE_FAMILY = "1,2";
			};
			name = Debug;
		};
		5511DD2223557E6700BF3FE9 /* Release */ = {
			isa = XCBuildConfiguration;
			buildSettings = {
				ASSETCATALOG_COMPILER_APPICON_NAME = AppIcon;
				CODE_SIGN_STYLE = Automatic;
				INFOPLIST_FILE = CoreData/Info.plist;
				LD_RUNPATH_SEARCH_PATHS = (
					"$(inherited)",
					"@executable_path/Frameworks",
				);
				PRODUCT_BUNDLE_IDENTIFIER = DongNV.CoreData;
				PRODUCT_NAME = "$(TARGET_NAME)";
				TARGETED_DEVICE_FAMILY = "1,2";
			};
			name = Release;
		};
/* End XCBuildConfiguration section */

/* Begin XCConfigurationList section */
		5511DD0223557E6300BF3FE9 /* Build configuration list for PBXProject "CoreData" */ = {
			isa = XCConfigurationList;
			buildConfigurations = (
				5511DD1E23557E6700BF3FE9 /* Debug */,
				5511DD1F23557E6700BF3FE9 /* Release */,
			);
			defaultConfigurationIsVisible = 0;
			defaultConfigurationName = Release;
		};
		5511DD2023557E6700BF3FE9 /* Build configuration list for PBXNativeTarget "CoreData" */ = {
			isa = XCConfigurationList;
			buildConfigurations = (
				5511DD2123557E6700BF3FE9 /* Debug */,
				5511DD2223557E6700BF3FE9 /* Release */,
			);
			defaultConfigurationIsVisible = 0;
			defaultConfigurationName = Release;
		};
/* End XCConfigurationList section */

/* Begin XCVersionGroup section */
		5511DD1323557E6300BF3FE9 /* CoreData.xcdatamodeld */ = {
			isa = XCVersionGroup;
			children = (
				5511DD1423557E6300BF3FE9 /* CoreData.xcdatamodel */,
			);
			currentVersion = 5511DD1423557E6300BF3FE9 /* CoreData.xcdatamodel */;
			path = CoreData.xcdatamodeld;
			sourceTree = "<group>";
			versionGroupType = wrapper.xcdatamodel;
		};
/* End XCVersionGroup section */
	};
	rootObject = 5511DCFF23557E6300BF3FE9 /* Project object */;
}
